
Microsoft Visual Studio Solution File, Format Version 12.00
# Visual Studio 14
VisualStudioVersion = 14.0.25420.1
MinimumVisualStudioVersion = 10.0.40219.1
Project("{8BC9CEB8-8B4A-11D0-8D11-00A0C91BC942}") = "MyGame", "MyGame.vcxproj", "{666358E0-A03A-46B7-BA3D-DE30B9FC5A4B}"
EndProject
Project("{8BC9CEB8-8B4A-11D0-8D11-00A0C91BC942}") = "Tool", "..\Tool\Tool.vcxproj", "{7EDBD914-E519-4D27-A05E-54E9F9CB50C9}"
EndProject
Global
	GlobalSection(SolutionConfigurationPlatforms) = preSolution
		Debug|x64 = Debug|x64
		Debug|x86 = Debug|x86
		Release|x64 = Release|x64
		Release|x86 = Release|x86
	EndGlobalSection
	GlobalSection(ProjectConfigurationPlatforms) = postSolution
		{666358E0-A03A-46B7-BA3D-DE30B9FC5A4B}.Debug|x64.ActiveCfg = Debug|x64
		{666358E0-A03A-46B7-BA3D-DE30B9FC5A4B}.Debug|x64.Build.0 = Debug|x64
		{666358E0-A03A-46B7-BA3D-DE30B9FC5A4B}.Debug|x86.ActiveCfg = Debug|Win32
		{666358E0-A03A-46B7-BA3D-DE30B9FC5A4B}.Debug|x86.Build.0 = Debug|Win32
		{666358E0-A03A-46B7-BA3D-DE30B9FC5A4B}.Release|x64.ActiveCfg = Release|x64
		{666358E0-A03A-46B7-BA3D-DE30B9FC5A4B}.Release|x64.Build.0 = Release|x64
		{666358E0-A03A-46B7-BA3D-DE30B9FC5A4B}.Release|x86.ActiveCfg = Release|Win32
		{666358E0-A03A-46B7-BA3D-DE30B9FC5A4B}.Release|x86.Build.0 = Release|Win32
		{7EDBD914-E519-4D27-A05E-54E9F9CB50C9}.Debug|x64.ActiveCfg = Debug|x64
		{7EDBD914-E519-4D27-A05E-54E9F9CB50C9}.Debug|x64.Build.0 = Debug|x64
		{7EDBD914-E519-4D27-A05E-54E9F9CB50C9}.Debug|x86.ActiveCfg = Debug|Win32
		{7EDBD914-E519-4D27-A05E-54E9F9CB50C9}.Debug|x86.Build.0 = Debug|Win32
		{7EDBD914-E519-4D27-A05E-54E9F9CB50C9}.Release|x64.ActiveCfg = Release|x64
		{7EDBD914-E519-4D27-A05E-54E9F9CB50C9}.Release|x64.Build.0 = Release|x64
		{7EDBD914-E519-4D27-A05E-54E9F9CB50C9}.Release|x86.ActiveCfg = Release|Win32
		{7EDBD914-E519-4D27-A05E-54E9F9CB50C9}.Release|x86.Build.0 = Release|Win32
	EndGlobalSection
	GlobalSection(SolutionProperties) = preSolution
		HideSolutionNode = FALSE
	EndGlobalSection
EndGlobal
