<?xml version="1.0" encoding="utf-8"?>
<Project ToolsVersion="4.0" xmlns="http://schemas.microsoft.com/developer/msbuild/2003">
  <ItemGroup>
    <Filter Include="98.Headers">
      <UniqueIdentifier>{80a1db21-ad1e-441d-8325-3e48b3f027d5}</UniqueIdentifier>
    </Filter>
    <Filter Include="01.MainApp">
      <UniqueIdentifier>{2f39ef16-5067-4715-9602-5a916e98e714}</UniqueIdentifier>
    </Filter>
    <Filter Include="03.Scene">
      <UniqueIdentifier>{990ca3ca-9b2f-40da-9c91-ac92285dd173}</UniqueIdentifier>
    </Filter>
    <Filter Include="97.System">
      <UniqueIdentifier>{3669b23e-ffe3-452f-afe1-629675c0e032}</UniqueIdentifier>
    </Filter>
    <Filter Include="97.System\00.Timer">
      <UniqueIdentifier>{2f1382df-5153-4a1f-a1c5-e49a0d4264e7}</UniqueIdentifier>
    </Filter>
    <Filter Include="97.System\00.Timer\Manager">
      <UniqueIdentifier>{cd2618f8-766e-4bc4-bf93-393e94e0d5c3}</UniqueIdentifier>
    </Filter>
    <Filter Include="97.System\00.Timer\Timer">
      <UniqueIdentifier>{5447fbfe-6c16-4889-ab3f-12d91d770094}</UniqueIdentifier>
    </Filter>
    <Filter Include="97.System\01.Device">
      <UniqueIdentifier>{e80477a3-fc7f-4076-b011-b2777bc5ba7f}</UniqueIdentifier>
    </Filter>
    <Filter Include="97.System\01.Device\Graphic">
      <UniqueIdentifier>{4cfbccc1-20b2-4321-a1ae-e67afd44e5d0}</UniqueIdentifier>
    </Filter>
    <Filter Include="03.Scene\Manager">
      <UniqueIdentifier>{7f9f0276-900b-474e-8d1e-940b11c35c5b}</UniqueIdentifier>
    </Filter>
    <Filter Include="03.Scene\Scene">
      <UniqueIdentifier>{c312c75d-3695-4162-b4ee-abb12098f292}</UniqueIdentifier>
    </Filter>
    <Filter Include="05.Layer">
      <UniqueIdentifier>{fca5fbb1-9d69-4124-9e2c-eba7838580f0}</UniqueIdentifier>
    </Filter>
    <Filter Include="06.Utility">
      <UniqueIdentifier>{77e492ad-a680-4378-b48c-8bb8cf6f107e}</UniqueIdentifier>
    </Filter>
    <Filter Include="06.Utility\00.Renderer">
      <UniqueIdentifier>{3497785f-d06c-42d6-95ae-6dcf4f9a3e27}</UniqueIdentifier>
    </Filter>
    <Filter Include="96.SuperClass">
      <UniqueIdentifier>{47465a5c-eb31-4833-b9c4-3c552597ea89}</UniqueIdentifier>
    </Filter>
    <Filter Include="96.SuperClass\00.Base">
      <UniqueIdentifier>{97cc4bc6-0504-4fba-ac13-c760e762e428}</UniqueIdentifier>
    </Filter>
    <Filter Include="06.Utility\01.Clock">
      <UniqueIdentifier>{eb5a0aba-4ac0-44df-abfa-c897f279af47}</UniqueIdentifier>
    </Filter>
    <Filter Include="06.Utility\01.Clock\Clock">
      <UniqueIdentifier>{c452c944-947d-4905-a97d-1969ea5dac4f}</UniqueIdentifier>
    </Filter>
    <Filter Include="08.Stat">
      <UniqueIdentifier>{513eb058-4c75-4704-ba57-a4f1302f4761}</UniqueIdentifier>
    </Filter>
    <Filter Include="09.Buff">
      <UniqueIdentifier>{36701ff4-40d4-4965-ac12-e03efa43660f}</UniqueIdentifier>
    </Filter>
    <Filter Include="09.Buff\00.Invisible">
      <UniqueIdentifier>{2ef471cb-7f49-40c1-841d-4db75cdbea50}</UniqueIdentifier>
    </Filter>
    <Filter Include="06.Utility\02.Module">
      <UniqueIdentifier>{482cf3a8-1167-4974-b502-9e25fa1c1006}</UniqueIdentifier>
    </Filter>
    <Filter Include="03.Scene\Scene\Stage">
      <UniqueIdentifier>{ff8a4e24-1fec-40ec-a7bf-9b31a54bb96c}</UniqueIdentifier>
    </Filter>
    <Filter Include="06.Utility\02.Module\Module">
      <UniqueIdentifier>{0384e254-a825-47f2-9e32-6228b3528ca4}</UniqueIdentifier>
    </Filter>
    <Filter Include="99.Default">
      <UniqueIdentifier>{81b02fbc-573a-4d45-8d4b-02ef4b78651d}</UniqueIdentifier>
    </Filter>
    <Filter Include="06.Utility\02.Module\Manager">
      <UniqueIdentifier>{a82446e5-fe8d-48d0-95db-66f3ec2e8ebd}</UniqueIdentifier>
    </Filter>
    <Filter Include="06.Utility\02.Module\Module\VIBuffer">
      <UniqueIdentifier>{ffca3f81-aa2a-429e-bc00-1224c1e5c59f}</UniqueIdentifier>
    </Filter>
    <Filter Include="06.Utility\02.Module\Module\Texture">
      <UniqueIdentifier>{7c880c12-9093-41d3-8fe2-8d09122935d7}</UniqueIdentifier>
    </Filter>
    <Filter Include="06.Utility\02.Module\Module\Transform">
      <UniqueIdentifier>{829efe2b-dfc5-493b-a7fc-dfe1942914e8}</UniqueIdentifier>
    </Filter>
    <Filter Include="03.Scene\Scene\Editor">
      <UniqueIdentifier>{d66d9b45-a664-474c-90f1-a64c2f155604}</UniqueIdentifier>
    </Filter>
    <Filter Include="00.World">
      <UniqueIdentifier>{171b93cc-5c59-442f-8189-f87a6612526f}</UniqueIdentifier>
    </Filter>
    <Filter Include="00.World\World">
      <UniqueIdentifier>{8a14b0b6-db60-495d-81d3-f05a3ec22882}</UniqueIdentifier>
    </Filter>
    <Filter Include="00.World\Terrain">
      <UniqueIdentifier>{ccbebdb8-86b3-4204-a40b-b55d3696121e}</UniqueIdentifier>
    </Filter>
    <Filter Include="03.Scene\Scene\Editor\TilePalette">
      <UniqueIdentifier>{1158c2bf-760e-4435-87c1-2f84f3fea2be}</UniqueIdentifier>
    </Filter>
    <Filter Include="06.Utility\02.Module\Module\Texture\TextureLoader">
      <UniqueIdentifier>{7d2e3f4f-117f-4ba0-bacf-10a95b0aa923}</UniqueIdentifier>
    </Filter>
    <Filter Include="03.Scene\Scene\Menu">
      <UniqueIdentifier>{84a0d0ea-84dd-422c-9193-4ded95f503e9}</UniqueIdentifier>
    </Filter>
    <Filter Include="04.GameObject">
      <UniqueIdentifier>{0df0310c-ad54-44ff-9ac0-987e8f90dcca}</UniqueIdentifier>
    </Filter>
    <Filter Include="04.GameObject\Manager">
      <UniqueIdentifier>{5f3f2af6-5dad-4d02-90ca-5a07f2884521}</UniqueIdentifier>
    </Filter>
    <Filter Include="04.GameObject\GameObject">
      <UniqueIdentifier>{7571bd39-7ab4-403a-a8be-52cb3bb68e61}</UniqueIdentifier>
    </Filter>
    <Filter Include="04.GameObject\GameObject\Item">
      <UniqueIdentifier>{ba7bb73e-a7d1-4ba5-ab27-467dd6635d9d}</UniqueIdentifier>
    </Filter>
    <Filter Include="04.GameObject\GameObject\Item\Scroll">
      <UniqueIdentifier>{dcd614b8-735b-47b8-af19-e58c449e8b23}</UniqueIdentifier>
    </Filter>
    <Filter Include="04.GameObject\GameObject\Button">
      <UniqueIdentifier>{10201592-2fc4-4bfa-b181-c7e2c0179334}</UniqueIdentifier>
    </Filter>
    <Filter Include="04.GameObject\GameObject\Image">
      <UniqueIdentifier>{bc3c7911-f3d4-424a-a519-f8da5d6a216c}</UniqueIdentifier>
    </Filter>
    <Filter Include="03.Scene\Scene\Stage\UI">
      <UniqueIdentifier>{aeacd7ad-4d3f-4036-a519-32dd8f98ebef}</UniqueIdentifier>
    </Filter>
    <Filter Include="06.Utility\02.Module\Shader">
      <UniqueIdentifier>{8e9a1b21-0aa9-4078-8e18-024e239b8c12}</UniqueIdentifier>
    </Filter>
    <Filter Include="06.Utility\02.Module\Shader\Files">
      <UniqueIdentifier>{47a01f56-8ce5-48ee-86bd-55f0a8d03c8b}</UniqueIdentifier>
    </Filter>
    <Filter Include="06.Utility\04.Statics">
      <UniqueIdentifier>{368436af-b95b-4c11-aad2-ff4d3a099850}</UniqueIdentifier>
    </Filter>
    <Filter Include="00.World\Terrain\00. Door">
      <UniqueIdentifier>{830bbbdf-6175-40ff-84e0-3752d3b4ea46}</UniqueIdentifier>
    </Filter>
    <Filter Include="00.World\Terrain\01. Trap">
      <UniqueIdentifier>{80263a35-8191-4fc3-855c-080926310a26}</UniqueIdentifier>
    </Filter>
    <Filter Include="00.World\Terrain\02. Statue">
      <UniqueIdentifier>{1222098e-a73a-41ce-8172-d1f6bee20de3}</UniqueIdentifier>
    </Filter>
    <Filter Include="06.Utility\05.CollisionMgr">
      <UniqueIdentifier>{f767d9f7-4b0c-4bcb-afe8-3f457f66c6f1}</UniqueIdentifier>
    </Filter>
    <Filter Include="06.Utility\06.Spawner">
      <UniqueIdentifier>{8c9a99d7-8bdd-4d9e-95bd-52965b44706c}</UniqueIdentifier>
    </Filter>
    <Filter Include="06.Utility\02.Module\Module\Animator">
      <UniqueIdentifier>{489af9d1-9d14-4df4-a18e-1d82496eb1dd}</UniqueIdentifier>
    </Filter>
    <Filter Include="06.Utility\02.Module\Module\Animator\Animation">
      <UniqueIdentifier>{c73d45c9-47b3-4491-89db-a0e6d758766b}</UniqueIdentifier>
    </Filter>
    <Filter Include="06.Utility\07.TurnMgr">
      <UniqueIdentifier>{18130575-2a20-4c43-91cb-772d17d10763}</UniqueIdentifier>
    </Filter>
    <Filter Include="06.Utility\03.KeyMgr">
      <UniqueIdentifier>{fe25f361-67eb-4c4b-90ac-0d6e4440f336}</UniqueIdentifier>
    </Filter>
    <Filter Include="04.GameObject\GameObject\Actor">
      <UniqueIdentifier>{e3856dda-d0ab-47e4-a467-b5127d9367f6}</UniqueIdentifier>
    </Filter>
    <Filter Include="04.GameObject\GameObject\Actor\Character">
      <UniqueIdentifier>{84908b22-5494-4dfc-be69-7a1dd977b2a9}</UniqueIdentifier>
    </Filter>
    <Filter Include="04.GameObject\GameObject\Actor\Character\Hero">
      <UniqueIdentifier>{80908c40-e165-479f-aa8f-37782af18487}</UniqueIdentifier>
    </Filter>
    <Filter Include="04.GameObject\GameObject\Actor\Character\Hero\Manager">
      <UniqueIdentifier>{f1756551-0325-48c9-8887-3b417a2549af}</UniqueIdentifier>
    </Filter>
    <Filter Include="04.GameObject\GameObject\Actor\Character\Hero\Warrior">
      <UniqueIdentifier>{8e78c4fe-0080-45b2-a2f7-adadee94b547}</UniqueIdentifier>
    </Filter>
    <Filter Include="04.GameObject\GameObject\Actor\Character\Monster">
      <UniqueIdentifier>{0b86c09d-35f6-4d7f-b9cc-120ae531ce34}</UniqueIdentifier>
    </Filter>
    <Filter Include="04.GameObject\GameObject\Actor\Character\Monster\99.AiState">
      <UniqueIdentifier>{97520fc8-91b8-4c32-9958-02288aaf3217}</UniqueIdentifier>
    </Filter>
    <Filter Include="04.GameObject\GameObject\Actor\Character\Monster\00.Rat">
      <UniqueIdentifier>{b9f848a3-d6d1-432c-b1e2-cbe6f4a481b7}</UniqueIdentifier>
    </Filter>
  </ItemGroup>
  <ItemGroup>
    <ClInclude Include="MyGame.h">
      <Filter>99.Default</Filter>
    </ClInclude>
    <ClInclude Include="Resource.h">
      <Filter>99.Default</Filter>
    </ClInclude>
    <ClInclude Include="targetver.h">
      <Filter>99.Default</Filter>
    </ClInclude>
    <ClInclude Include="..\Headers\MyGame_Constant.h">
      <Filter>98.Headers</Filter>
    </ClInclude>
    <ClInclude Include="..\Headers\MyGame_Mecro.h">
      <Filter>98.Headers</Filter>
    </ClInclude>
    <ClInclude Include="..\Headers\MyGame_Typedef.h">
      <Filter>98.Headers</Filter>
    </ClInclude>
    <ClInclude Include="..\Headers\MyGame_Function.h">
      <Filter>98.Headers</Filter>
    </ClInclude>
    <ClInclude Include="..\Headers\MyGame_Include.h">
      <Filter>98.Headers</Filter>
    </ClInclude>
    <ClInclude Include="stdafx.h">
      <Filter>99.Default</Filter>
    </ClInclude>
    <ClInclude Include="..\Headers\MainApp.h">
      <Filter>01.MainApp</Filter>
    </ClInclude>
    <ClInclude Include="..\Headers\Base.h">
      <Filter>96.SuperClass\00.Base</Filter>
    </ClInclude>
    <ClInclude Include="..\Headers\Timer.h">
      <Filter>97.System\00.Timer\Timer</Filter>
    </ClInclude>
    <ClInclude Include="..\Headers\TimerMgr.h">
      <Filter>97.System\00.Timer\Manager</Filter>
    </ClInclude>
    <ClInclude Include="..\Headers\Scene.h">
      <Filter>03.Scene\Scene</Filter>
    </ClInclude>
    <ClInclude Include="..\Headers\SceneMgr.h">
      <Filter>03.Scene\Manager</Filter>
    </ClInclude>
    <ClInclude Include="..\Headers\ObjMgr.h">
      <Filter>04.GameObject\Manager</Filter>
    </ClInclude>
    <ClInclude Include="..\Headers\GameObject.h">
      <Filter>04.GameObject\GameObject</Filter>
    </ClInclude>
    <ClInclude Include="..\Headers\Graphic_Device.h">
      <Filter>97.System\01.Device\Graphic</Filter>
    </ClInclude>
    <ClInclude Include="..\Headers\Layer.h">
      <Filter>05.Layer</Filter>
    </ClInclude>
    <ClInclude Include="Renderer.h">
      <Filter>06.Utility\00.Renderer</Filter>
    </ClInclude>
    <ClInclude Include="..\Headers\Clock.h">
      <Filter>06.Utility\01.Clock\Clock</Filter>
    </ClInclude>
    <ClInclude Include="..\Headers\Character.h">
      <Filter>04.GameObject\GameObject\Actor\Character</Filter>
    </ClInclude>
    <ClInclude Include="..\Headers\Stat.h">
      <Filter>08.Stat</Filter>
    </ClInclude>
    <ClInclude Include="..\Headers\Hero.h">
      <Filter>04.GameObject\GameObject\Actor\Character\Hero</Filter>
    </ClInclude>
    <ClInclude Include="..\Headers\Monster.h">
      <Filter>04.GameObject\GameObject\Actor\Character\Monster</Filter>
    </ClInclude>
    <ClInclude Include="..\Headers\AiState.h">
      <Filter>04.GameObject\GameObject\Actor\Character\Monster\99.AiState</Filter>
    </ClInclude>
    <ClInclude Include="..\Headers\Warrior.h">
      <Filter>04.GameObject\GameObject\Actor\Character\Hero\Warrior</Filter>
    </ClInclude>
    <ClInclude Include="..\Headers\Rat.h">
      <Filter>04.GameObject\GameObject\Actor\Character\Monster\00.Rat</Filter>
    </ClInclude>
    <ClInclude Include="..\Headers\Buff.h">
      <Filter>09.Buff</Filter>
    </ClInclude>
    <ClInclude Include="..\Headers\HeroMgr.h">
      <Filter>04.GameObject\GameObject\Actor\Character\Hero\Manager</Filter>
    </ClInclude>
    <ClInclude Include="..\Headers\Invisible.h">
      <Filter>09.Buff\00.Invisible</Filter>
    </ClInclude>
    <ClInclude Include="..\Headers\Item.h">
      <Filter>04.GameObject\GameObject\Item</Filter>
    </ClInclude>
    <ClInclude Include="..\Headers\Scroll.h">
      <Filter>04.GameObject\GameObject\Item\Scroll</Filter>
    </ClInclude>
    <ClInclude Include="MyGame_Struct.h">
      <Filter>98.Headers</Filter>
    </ClInclude>
    <ClInclude Include="..\Headers\VIBuffer.h">
      <Filter>06.Utility\02.Module\Module\VIBuffer</Filter>
    </ClInclude>
    <ClInclude Include="..\Headers\MyButton.h">
      <Filter>04.GameObject\GameObject\Button</Filter>
    </ClInclude>
    <ClInclude Include="..\Headers\Stage.h">
      <Filter>03.Scene\Scene\Stage</Filter>
    </ClInclude>
    <ClInclude Include="..\Headers\ModuleMgr.h">
      <Filter>06.Utility\02.Module\Manager</Filter>
    </ClInclude>
    <ClInclude Include="..\Headers\Module.h">
      <Filter>06.Utility\02.Module\Module</Filter>
    </ClInclude>
    <ClInclude Include="..\Headers\Transform.h">
      <Filter>06.Utility\02.Module\Module\Transform</Filter>
    </ClInclude>
    <ClInclude Include="..\Headers\Terrain.h">
      <Filter>00.World\Terrain</Filter>
    </ClInclude>
    <ClInclude Include="..\Headers\World.h">
      <Filter>00.World\World</Filter>
    </ClInclude>
    <ClInclude Include="..\Headers\Editor.h">
      <Filter>03.Scene\Scene\Editor</Filter>
    </ClInclude>
    <ClInclude Include="..\Headers\Texture.h">
      <Filter>06.Utility\02.Module\Module\Texture</Filter>
    </ClInclude>
    <ClInclude Include="..\Headers\TilePalette.h">
      <Filter>03.Scene\Scene\Editor\TilePalette</Filter>
    </ClInclude>
    <ClInclude Include="..\Headers\TextureLoader.h">
      <Filter>06.Utility\02.Module\Module\Texture\TextureLoader</Filter>
    </ClInclude>
    <ClInclude Include="..\Headers\Menu.h">
      <Filter>03.Scene\Scene\Menu</Filter>
    </ClInclude>
    <ClInclude Include="..\Headers\Image.h">
      <Filter>04.GameObject\GameObject\Image</Filter>
    </ClInclude>
    <ClInclude Include="..\Headers\StageUIMgr.h">
      <Filter>03.Scene\Scene\Stage\UI</Filter>
    </ClInclude>
    <ClInclude Include="..\Headers\Shader.h">
      <Filter>06.Utility\02.Module\Shader</Filter>
    </ClInclude>
    <ClInclude Include="..\Headers\Statics.h">
      <Filter>06.Utility\04.Statics</Filter>
    </ClInclude>
    <ClInclude Include="..\Headers\KeyMgr.h">
      <Filter>06.Utility\03.KeyMgr</Filter>
    </ClInclude>
    <ClInclude Include="..\Headers\Door.h">
      <Filter>00.World\Terrain\00. Door</Filter>
    </ClInclude>
    <ClInclude Include="..\Headers\CollisionMgr.h">
      <Filter>06.Utility\05.CollisionMgr</Filter>
    </ClInclude>
    <ClInclude Include="..\Headers\Animator.h">
      <Filter>06.Utility\02.Module\Module\Animator</Filter>
    </ClInclude>
    <ClInclude Include="..\Headers\Spawner.h">
      <Filter>06.Utility\06.Spawner</Filter>
    </ClInclude>
    <ClInclude Include="..\Headers\Animation.h">
      <Filter>06.Utility\02.Module\Module\Animator\Animation</Filter>
    </ClInclude>
    <ClInclude Include="..\Headers\TurnMgr.h">
      <Filter>06.Utility\07.TurnMgr</Filter>
    </ClInclude>
    <ClInclude Include="..\Headers\Actor.h">
      <Filter>04.GameObject\GameObject\Actor</Filter>
    </ClInclude>
  </ItemGroup>
  <ItemGroup>
    <ClCompile Include="MyGame.cpp">
      <Filter>99.Default</Filter>
    </ClCompile>
    <ClCompile Include="stdafx.cpp">
      <Filter>99.Default</Filter>
    </ClCompile>
    <ClCompile Include="..\Codes\MainApp.cpp">
      <Filter>01.MainApp</Filter>
    </ClCompile>
    <ClCompile Include="..\Codes\Base.cpp">
      <Filter>96.SuperClass\00.Base</Filter>
    </ClCompile>
    <ClCompile Include="..\Codes\Timer.cpp">
      <Filter>97.System\00.Timer\Timer</Filter>
    </ClCompile>
    <ClCompile Include="..\Codes\TimerMgr.cpp">
      <Filter>97.System\00.Timer\Manager</Filter>
    </ClCompile>
    <ClCompile Include="..\Codes\Scene.cpp">
      <Filter>03.Scene\Scene</Filter>
    </ClCompile>
    <ClCompile Include="..\Codes\SceneMgr.cpp">
      <Filter>03.Scene\Manager</Filter>
    </ClCompile>
    <ClCompile Include="..\Codes\ObjMgr.cpp">
      <Filter>04.GameObject\Manager</Filter>
    </ClCompile>
    <ClCompile Include="..\Codes\GameObject.cpp">
      <Filter>04.GameObject\GameObject</Filter>
    </ClCompile>
    <ClCompile Include="..\Codes\Graphic_Device.cpp">
      <Filter>97.System\01.Device\Graphic</Filter>
    </ClCompile>
    <ClCompile Include="..\Codes\Layer.cpp">
      <Filter>05.Layer</Filter>
    </ClCompile>
    <ClCompile Include="Renderer.cpp">
      <Filter>06.Utility\00.Renderer</Filter>
    </ClCompile>
    <ClCompile Include="..\Codes\Clock.cpp">
      <Filter>06.Utility\01.Clock\Clock</Filter>
    </ClCompile>
    <ClCompile Include="..\Codes\Character.cpp">
      <Filter>04.GameObject\GameObject\Actor\Character</Filter>
    </ClCompile>
    <ClCompile Include="..\Codes\Stat.cpp">
      <Filter>08.Stat</Filter>
    </ClCompile>
    <ClCompile Include="..\Codes\Hero.cpp">
      <Filter>04.GameObject\GameObject\Actor\Character\Hero</Filter>
    </ClCompile>
    <ClCompile Include="..\Codes\Monster.cpp">
      <Filter>04.GameObject\GameObject\Actor\Character\Monster</Filter>
    </ClCompile>
    <ClCompile Include="..\Codes\AiState.cpp">
      <Filter>04.GameObject\GameObject\Actor\Character\Monster\99.AiState</Filter>
    </ClCompile>
    <ClCompile Include="..\Codes\Warrior.cpp">
      <Filter>04.GameObject\GameObject\Actor\Character\Hero\Warrior</Filter>
    </ClCompile>
    <ClCompile Include="..\Codes\Rat.cpp">
      <Filter>04.GameObject\GameObject\Actor\Character\Monster\00.Rat</Filter>
    </ClCompile>
    <ClCompile Include="..\Codes\Buff.cpp">
      <Filter>09.Buff</Filter>
    </ClCompile>
    <ClCompile Include="..\Codes\HeroMgr.cpp">
      <Filter>04.GameObject\GameObject\Actor\Character\Hero\Manager</Filter>
    </ClCompile>
    <ClCompile Include="..\Codes\Invisible.cpp">
      <Filter>09.Buff\00.Invisible</Filter>
    </ClCompile>
    <ClCompile Include="..\Codes\Item.cpp">
      <Filter>04.GameObject\GameObject\Item</Filter>
    </ClCompile>
    <ClCompile Include="..\Codes\Scroll.cpp">
      <Filter>04.GameObject\GameObject\Item\Scroll</Filter>
    </ClCompile>
    <ClCompile Include="..\Codes\VIBuffer.cpp">
      <Filter>06.Utility\02.Module\Module\VIBuffer</Filter>
    </ClCompile>
    <ClCompile Include="..\Codes\MyButton.cpp">
      <Filter>04.GameObject\GameObject\Button</Filter>
    </ClCompile>
    <ClCompile Include="..\Codes\Stage.cpp">
      <Filter>03.Scene\Scene\Stage</Filter>
    </ClCompile>
    <ClCompile Include="..\Codes\ModuleMgr.cpp">
      <Filter>06.Utility\02.Module\Manager</Filter>
    </ClCompile>
    <ClCompile Include="..\Codes\Module.cpp">
      <Filter>06.Utility\02.Module\Module</Filter>
    </ClCompile>
    <ClCompile Include="..\Codes\Transform.cpp">
      <Filter>06.Utility\02.Module\Module\Transform</Filter>
    </ClCompile>
    <ClCompile Include="..\Codes\World.cpp">
      <Filter>00.World\World</Filter>
    </ClCompile>
    <ClCompile Include="..\Codes\Terrain.cpp">
      <Filter>00.World\Terrain</Filter>
    </ClCompile>
    <ClCompile Include="..\Codes\Editor.cpp">
      <Filter>03.Scene\Scene\Editor</Filter>
    </ClCompile>
    <ClCompile Include="..\Codes\Texture.cpp">
      <Filter>06.Utility\02.Module\Module\Texture</Filter>
    </ClCompile>
    <ClCompile Include="..\Codes\TilePalette.cpp">
      <Filter>03.Scene\Scene\Editor\TilePalette</Filter>
    </ClCompile>
    <ClCompile Include="..\Codes\TextureLoader.cpp">
      <Filter>06.Utility\02.Module\Module\Texture\TextureLoader</Filter>
    </ClCompile>
    <ClCompile Include="..\Codes\Menu.cpp">
      <Filter>03.Scene\Scene\Menu</Filter>
    </ClCompile>
    <ClCompile Include="..\Codes\Image.cpp">
      <Filter>04.GameObject\GameObject\Image</Filter>
    </ClCompile>
    <ClCompile Include="..\Codes\StageUIMgr.cpp">
      <Filter>03.Scene\Scene\Stage\UI</Filter>
    </ClCompile>
    <ClCompile Include="..\Codes\Shader.cpp">
      <Filter>06.Utility\02.Module\Shader</Filter>
    </ClCompile>
    <ClCompile Include="..\Codes\Statics.cpp">
      <Filter>06.Utility\04.Statics</Filter>
    </ClCompile>
    <ClCompile Include="..\Codes\KeyMgr.cpp">
      <Filter>06.Utility\03.KeyMgr</Filter>
    </ClCompile>
    <ClCompile Include="..\Codes\Door.cpp">
      <Filter>00.World\Terrain\00. Door</Filter>
    </ClCompile>
    <ClCompile Include="..\Codes\CollisionMgr.cpp">
      <Filter>06.Utility\05.CollisionMgr</Filter>
    </ClCompile>
    <ClCompile Include="..\Codes\Animator.cpp">
      <Filter>06.Utility\02.Module\Module\Animator</Filter>
    </ClCompile>
    <ClCompile Include="..\Codes\Spawner.cpp">
      <Filter>06.Utility\06.Spawner</Filter>
    </ClCompile>
    <ClCompile Include="..\Codes\Animation.cpp">
      <Filter>06.Utility\02.Module\Module\Animator\Animation</Filter>
    </ClCompile>
    <ClCompile Include="..\Codes\TurnMgr.cpp">
      <Filter>06.Utility\07.TurnMgr</Filter>
    </ClCompile>
    <ClCompile Include="..\Codes\Actor.cpp">
      <Filter>04.GameObject\GameObject\Actor</Filter>
    </ClCompile>
  </ItemGroup>
  <ItemGroup>
    <Image Include="MyGame.ico">
      <Filter>99.Default</Filter>
    </Image>
    <Image Include="small.ico">
      <Filter>99.Default</Filter>
    </Image>
  </ItemGroup>
  <ItemGroup>
    <ResourceCompile Include="MyGame.rc">
      <Filter>99.Default</Filter>
    </ResourceCompile>
  </ItemGroup>
  <ItemGroup>
    <Text Include="ReadMe.txt">
      <Filter>99.Default</Filter>
    </Text>
  </ItemGroup>
  <ItemGroup>
    <FxCompile Include="..\Bin\ShaderFiles\Shader_Default.fx">
      <Filter>06.Utility\02.Module\Shader\Files</Filter>
    </FxCompile>
  </ItemGroup>
</Project>