<?xml version="1.0" encoding="utf-8"?>
<Project ToolsVersion="4.0" xmlns="http://schemas.microsoft.com/developer/msbuild/2003">
  <ItemGroup>
    <Filter Include="99.Default">
      <UniqueIdentifier>{2f0a2e37-41d1-4b6d-847c-9f505166cfb3}</UniqueIdentifier>
    </Filter>
    <Filter Include="01.View">
      <UniqueIdentifier>{f9016b26-0a7b-4a22-a10b-de15f6532264}</UniqueIdentifier>
    </Filter>
    <Filter Include="01.View\00.MainView">
      <UniqueIdentifier>{22e908a3-ddb8-4564-9f0d-5c82b6a538ea}</UniqueIdentifier>
    </Filter>
    <Filter Include="01.View\01.DialogView">
      <UniqueIdentifier>{fc4df551-6354-4418-abb9-5e89edb730c0}</UniqueIdentifier>
    </Filter>
    <Filter Include="02.System">
      <UniqueIdentifier>{55ffbc4f-61d8-4f9f-a706-41d270370fa0}</UniqueIdentifier>
    </Filter>
    <Filter Include="98.Headers">
      <UniqueIdentifier>{35c625be-496c-4950-a8a6-8ed2fd33aaa5}</UniqueIdentifier>
    </Filter>
    <Filter Include="97.SuperClass">
      <UniqueIdentifier>{f424da37-74e8-4283-870b-6287394979c0}</UniqueIdentifier>
    </Filter>
    <Filter Include="02.System\00.Device">
      <UniqueIdentifier>{cddf8deb-8c9b-4f4e-8760-5c8901eb9d46}</UniqueIdentifier>
    </Filter>
    <Filter Include="00.MainView">
      <UniqueIdentifier>{ce0d193b-fc41-4d78-b46a-d84ba7a581c8}</UniqueIdentifier>
    </Filter>
    <Filter Include="01.View\01.SideView">
      <UniqueIdentifier>{64f91b3c-7b68-4474-96b1-bd5dc60c23b0}</UniqueIdentifier>
    </Filter>
    <Filter Include="01.View\02.Calculator">
      <UniqueIdentifier>{0b59e242-ce66-4fc2-9955-ab0286f67578}</UniqueIdentifier>
    </Filter>
    <Filter Include="01.View\03.ControllView">
      <UniqueIdentifier>{2ebc4d21-8ed9-41b7-97a5-9427f3464f0d}</UniqueIdentifier>
    </Filter>
    <Filter Include="03.GameObject">
      <UniqueIdentifier>{21ba4d51-e411-4bf4-b776-8f36801b4a5e}</UniqueIdentifier>
    </Filter>
    <Filter Include="03.GameObject\Mananger">
      <UniqueIdentifier>{7595ae1a-5b17-4bd9-bf0d-347b9b399536}</UniqueIdentifier>
    </Filter>
    <Filter Include="03.GameObject\GameObject">
      <UniqueIdentifier>{afefd55d-4e89-48a2-ba58-2168d76a0ca3}</UniqueIdentifier>
    </Filter>
    <Filter Include="97.SuperClass\00. Base">
      <UniqueIdentifier>{82aee309-2a24-400e-870f-592b16575c66}</UniqueIdentifier>
    </Filter>
    <Filter Include="04.Utility">
      <UniqueIdentifier>{c4aa8072-81bc-47d7-a64e-0530973cfe4f}</UniqueIdentifier>
    </Filter>
    <Filter Include="04.Utility\00.Module">
      <UniqueIdentifier>{41f417da-7aa0-45ef-993a-daa35c0d4824}</UniqueIdentifier>
    </Filter>
    <Filter Include="04.Utility\00.Module\Manager">
      <UniqueIdentifier>{bce2a53c-6ff6-42b7-8210-9c3da8f96876}</UniqueIdentifier>
    </Filter>
    <Filter Include="04.Utility\00.Module\Module">
      <UniqueIdentifier>{d6b3d030-3881-4ca8-99ed-80ffc799c430}</UniqueIdentifier>
    </Filter>
    <Filter Include="04.Utility\01.Renderer">
      <UniqueIdentifier>{e0dcb412-9227-4d05-b334-45dead3f263b}</UniqueIdentifier>
    </Filter>
    <Filter Include="04.Utility\00.Module\Module\Transform">
      <UniqueIdentifier>{5209f0fa-fbc0-4c71-bf28-cfe2a1d69fed}</UniqueIdentifier>
    </Filter>
    <Filter Include="04.Utility\00.Module\Module\VIBuffer">
      <UniqueIdentifier>{4df13951-c7a2-4159-89b1-13c67d987e7c}</UniqueIdentifier>
    </Filter>
    <Filter Include="04.Utility\00.Module\Module\Texture">
      <UniqueIdentifier>{0d1e6234-d406-47ed-982a-73668abda7fa}</UniqueIdentifier>
    </Filter>
    <Filter Include="05.Layer">
      <UniqueIdentifier>{b5c06372-6d13-4b93-83ca-05b5d63ce57c}</UniqueIdentifier>
    </Filter>
    <Filter Include="04.Utility\02.KeyMgr">
      <UniqueIdentifier>{874c87cc-ab63-49c3-88bb-6ac7e15c45b0}</UniqueIdentifier>
    </Filter>
    <Filter Include="03.GameObject\GameObject\GameObject">
      <UniqueIdentifier>{e2cf8adf-89b1-4516-bf3b-9153fb52c0be}</UniqueIdentifier>
    </Filter>
    <Filter Include="03.GameObject\GameObject\GameObject\Image">
      <UniqueIdentifier>{2876fa93-e34e-415b-95c8-2a2900796d1a}</UniqueIdentifier>
    </Filter>
    <Filter Include="03.GameObject\GameObject\GameObject\Terrain">
      <UniqueIdentifier>{d05b0b2c-0186-4da1-9cd3-f548137a71b2}</UniqueIdentifier>
    </Filter>
  </ItemGroup>
  <ItemGroup>
    <Text Include="ReadMe.txt" />
  </ItemGroup>
  <ItemGroup>
    <ClInclude Include="Resource.h">
      <Filter>99.Default</Filter>
    </ClInclude>
    <ClInclude Include="stdafx.h">
      <Filter>99.Default</Filter>
    </ClInclude>
    <ClInclude Include="targetver.h">
      <Filter>99.Default</Filter>
    </ClInclude>
    <ClInclude Include="Tool.h">
      <Filter>99.Default</Filter>
    </ClInclude>
    <ClInclude Include="ToolDoc.h">
      <Filter>99.Default</Filter>
    </ClInclude>
    <ClInclude Include="ToolView.h">
      <Filter>01.View\00.MainView</Filter>
    </ClInclude>
    <ClInclude Include="Tool_Include.h">
      <Filter>98.Headers</Filter>
    </ClInclude>
    <ClInclude Include="MyGame_Constant.h">
      <Filter>98.Headers</Filter>
    </ClInclude>
    <ClInclude Include="MyGame_Function.h">
      <Filter>98.Headers</Filter>
    </ClInclude>
    <ClInclude Include="MyGame_Mecro.h">
      <Filter>98.Headers</Filter>
    </ClInclude>
    <ClInclude Include="MyGame_Typedef.h">
      <Filter>98.Headers</Filter>
    </ClInclude>
    <ClInclude Include="MyGame_Struct.h">
      <Filter>98.Headers</Filter>
    </ClInclude>
    <ClInclude Include="Graphic_Device.h">
      <Filter>02.System\00.Device</Filter>
    </ClInclude>
    <ClInclude Include="MainFrm.h">
      <Filter>00.MainView</Filter>
    </ClInclude>
    <ClInclude Include="SideView.h">
      <Filter>01.View\01.SideView</Filter>
    </ClInclude>
    <ClInclude Include="Base.h">
      <Filter>97.SuperClass\00. Base</Filter>
    </ClInclude>
    <ClInclude Include="Module.h">
      <Filter>04.Utility\00.Module\Module</Filter>
    </ClInclude>
    <ClInclude Include="ModuleMgr.h">
      <Filter>04.Utility\00.Module\Manager</Filter>
    </ClInclude>
    <ClInclude Include="Renderer.h">
      <Filter>04.Utility\01.Renderer</Filter>
    </ClInclude>
    <ClInclude Include="Transform.h">
      <Filter>04.Utility\00.Module\Module\Transform</Filter>
    </ClInclude>
    <ClInclude Include="VIBuffer.h">
      <Filter>04.Utility\00.Module\Module\VIBuffer</Filter>
    </ClInclude>
    <ClInclude Include="Texture.h">
      <Filter>04.Utility\00.Module\Module\Texture</Filter>
    </ClInclude>
    <ClInclude Include="ObjMgr.h">
      <Filter>03.GameObject\Mananger</Filter>
    </ClInclude>
    <ClInclude Include="Layer.h">
      <Filter>05.Layer</Filter>
    </ClInclude>
    <ClInclude Include="KeyMgr.h">
      <Filter>04.Utility\02.KeyMgr</Filter>
    </ClInclude>
    <ClInclude Include="Terrain.h">
      <Filter>03.GameObject\GameObject\GameObject\Terrain</Filter>
    </ClInclude>
    <ClInclude Include="CalculatorView.h">
      <Filter>01.View\02.Calculator</Filter>
    </ClInclude>
    <ClInclude Include="ControlView.h">
      <Filter>01.View\03.ControllView</Filter>
    </ClInclude>
    <ClInclude Include="GameObject.h">
      <Filter>03.GameObject\GameObject\GameObject</Filter>
    </ClInclude>
  </ItemGroup>
  <ItemGroup>
    <ClCompile Include="stdafx.cpp">
      <Filter>99.Default</Filter>
    </ClCompile>
    <ClCompile Include="Tool.cpp">
      <Filter>99.Default</Filter>
    </ClCompile>
    <ClCompile Include="ToolDoc.cpp">
      <Filter>99.Default</Filter>
    </ClCompile>
    <ClCompile Include="ToolView.cpp">
      <Filter>01.View\00.MainView</Filter>
    </ClCompile>
    <ClCompile Include="Graphic_Device.cpp">
      <Filter>02.System\00.Device</Filter>
    </ClCompile>
    <ClCompile Include="MainFrm.cpp">
      <Filter>00.MainView</Filter>
    </ClCompile>
    <ClCompile Include="SideView.cpp">
      <Filter>01.View\01.SideView</Filter>
    </ClCompile>
    <ClCompile Include="Base.cpp">
      <Filter>97.SuperClass\00. Base</Filter>
    </ClCompile>
    <ClCompile Include="Module.cpp">
      <Filter>04.Utility\00.Module\Module</Filter>
    </ClCompile>
    <ClCompile Include="ModuleMgr.cpp">
      <Filter>04.Utility\00.Module\Manager</Filter>
    </ClCompile>
    <ClCompile Include="Renderer.cpp">
      <Filter>04.Utility\01.Renderer</Filter>
    </ClCompile>
    <ClCompile Include="Transform.cpp">
      <Filter>04.Utility\00.Module\Module\Transform</Filter>
    </ClCompile>
    <ClCompile Include="VIBuffer.cpp">
      <Filter>04.Utility\00.Module\Module\VIBuffer</Filter>
    </ClCompile>
    <ClCompile Include="Texture.cpp">
      <Filter>04.Utility\00.Module\Module\Texture</Filter>
    </ClCompile>
    <ClCompile Include="ObjMgr.cpp">
      <Filter>03.GameObject\Mananger</Filter>
    </ClCompile>
    <ClCompile Include="Layer.cpp">
      <Filter>05.Layer</Filter>
    </ClCompile>
    <ClCompile Include="KeyMgr.cpp">
      <Filter>04.Utility\02.KeyMgr</Filter>
    </ClCompile>
    <ClCompile Include="Terrain.cpp">
      <Filter>03.GameObject\GameObject\GameObject\Terrain</Filter>
    </ClCompile>
    <ClCompile Include="CalculatorView.cpp">
      <Filter>01.View\02.Calculator</Filter>
    </ClCompile>
    <ClCompile Include="ControlView.cpp">
      <Filter>01.View\03.ControllView</Filter>
    </ClCompile>
    <ClCompile Include="GameObject.cpp">
      <Filter>03.GameObject\GameObject\GameObject</Filter>
    </ClCompile>
  </ItemGroup>
  <ItemGroup>
    <Image Include="res\Tool.ico">
      <Filter>99.Default</Filter>
    </Image>
    <Image Include="res\Toolbar.bmp">
      <Filter>99.Default</Filter>
    </Image>
    <Image Include="res\ToolDoc.ico">
      <Filter>99.Default</Filter>
    </Image>
  </ItemGroup>
  <ItemGroup>
    <ResourceCompile Include="Tool.rc">
      <Filter>99.Default</Filter>
    </ResourceCompile>
  </ItemGroup>
  <ItemGroup>
    <None Include="res\Tool.rc2">
      <Filter>99.Default</Filter>
    </None>
  </ItemGroup>
</Project>